
Microsoft Visual Studio Solution File, Format Version 12.00
# Visual Studio Version 16
VisualStudioVersion = 16.0.30114.105
MinimumVisualStudioVersion = 10.0.40219.1
Project("{FAE04EC0-301F-11D3-BF4B-00C04F79EFBC}") = "ProEventos.Domain", "ProEventos.Domain\ProEventos.Domain.csproj", "{18E07248-D8E6-4221-A2A6-6D3857FBBADD}"
EndProject
Project("{FAE04EC0-301F-11D3-BF4B-00C04F79EFBC}") = "ProEventos.Persistence", "ProEventos.Persistence\ProEventos.Persistence.csproj", "{ABB19F36-1355-4215-9134-A56C269805FC}"
EndProject
Project("{FAE04EC0-301F-11D3-BF4B-00C04F79EFBC}") = "ProEventos.Application", "ProEventos.Application\ProEventos.Application.csproj", "{9667AD96-BBB6-40BB-8B06-8C35BBB97493}"
EndProject
Project("{FAE04EC0-301F-11D3-BF4B-00C04F79EFBC}") = "ProEventos.API", "ProEventos.API\ProEventos.API.csproj", "{6D67278E-29D5-4F77-B1DC-E8E4469BF07A}"
EndProject
Global
	GlobalSection(SolutionConfigurationPlatforms) = preSolution
		Debug|Any CPU = Debug|Any CPU
		Debug|x64 = Debug|x64
		Debug|x86 = Debug|x86
		Release|Any CPU = Release|Any CPU
		Release|x64 = Release|x64
		Release|x86 = Release|x86
	EndGlobalSection
	GlobalSection(SolutionProperties) = preSolution
		HideSolutionNode = FALSE
	EndGlobalSection
	GlobalSection(ProjectConfigurationPlatforms) = postSolution
		{18E07248-D8E6-4221-A2A6-6D3857FBBADD}.Debug|Any CPU.ActiveCfg = Debug|Any CPU
		{18E07248-D8E6-4221-A2A6-6D3857FBBADD}.Debug|Any CPU.Build.0 = Debug|Any CPU
		{18E07248-D8E6-4221-A2A6-6D3857FBBADD}.Debug|x64.ActiveCfg = Debug|Any CPU
		{18E07248-D8E6-4221-A2A6-6D3857FBBADD}.Debug|x64.Build.0 = Debug|Any CPU
		{18E07248-D8E6-4221-A2A6-6D3857FBBADD}.Debug|x86.ActiveCfg = Debug|Any CPU
		{18E07248-D8E6-4221-A2A6-6D3857FBBADD}.Debug|x86.Build.0 = Debug|Any CPU
		{18E07248-D8E6-4221-A2A6-6D3857FBBADD}.Release|Any CPU.ActiveCfg = Release|Any CPU
		{18E07248-D8E6-4221-A2A6-6D3857FBBADD}.Release|Any CPU.Build.0 = Release|Any CPU
		{18E07248-D8E6-4221-A2A6-6D3857FBBADD}.Release|x64.ActiveCfg = Release|Any CPU
		{18E07248-D8E6-4221-A2A6-6D3857FBBADD}.Release|x64.Build.0 = Release|Any CPU
		{18E07248-D8E6-4221-A2A6-6D3857FBBADD}.Release|x86.ActiveCfg = Release|Any CPU
		{18E07248-D8E6-4221-A2A6-6D3857FBBADD}.Release|x86.Build.0 = Release|Any CPU
		{ABB19F36-1355-4215-9134-A56C269805FC}.Debug|Any CPU.ActiveCfg = Debug|Any CPU
		{ABB19F36-1355-4215-9134-A56C269805FC}.Debug|Any CPU.Build.0 = Debug|Any CPU
		{ABB19F36-1355-4215-9134-A56C269805FC}.Debug|x64.ActiveCfg = Debug|Any CPU
		{ABB19F36-1355-4215-9134-A56C269805FC}.Debug|x64.Build.0 = Debug|Any CPU
		{ABB19F36-1355-4215-9134-A56C269805FC}.Debug|x86.ActiveCfg = Debug|Any CPU
		{ABB19F36-1355-4215-9134-A56C269805FC}.Debug|x86.Build.0 = Debug|Any CPU
		{ABB19F36-1355-4215-9134-A56C269805FC}.Release|Any CPU.ActiveCfg = Release|Any CPU
		{ABB19F36-1355-4215-9134-A56C269805FC}.Release|Any CPU.Build.0 = Release|Any CPU
		{ABB19F36-1355-4215-9134-A56C269805FC}.Release|x64.ActiveCfg = Release|Any CPU
		{ABB19F36-1355-4215-9134-A56C269805FC}.Release|x64.Build.0 = Release|Any CPU
		{ABB19F36-1355-4215-9134-A56C269805FC}.Release|x86.ActiveCfg = Release|Any CPU
		{ABB19F36-1355-4215-9134-A56C269805FC}.Release|x86.Build.0 = Release|Any CPU
		{9667AD96-BBB6-40BB-8B06-8C35BBB97493}.Debug|Any CPU.ActiveCfg = Debug|Any CPU
		{9667AD96-BBB6-40BB-8B06-8C35BBB97493}.Debug|Any CPU.Build.0 = Debug|Any CPU
		{9667AD96-BBB6-40BB-8B06-8C35BBB97493}.Debug|x64.ActiveCfg = Debug|Any CPU
		{9667AD96-BBB6-40BB-8B06-8C35BBB97493}.Debug|x64.Build.0 = Debug|Any CPU
		{9667AD96-BBB6-40BB-8B06-8C35BBB97493}.Debug|x86.ActiveCfg = Debug|Any CPU
		{9667AD96-BBB6-40BB-8B06-8C35BBB97493}.Debug|x86.Build.0 = Debug|Any CPU
		{9667AD96-BBB6-40BB-8B06-8C35BBB97493}.Release|Any CPU.ActiveCfg = Release|Any CPU
		{9667AD96-BBB6-40BB-8B06-8C35BBB97493}.Release|Any CPU.Build.0 = Release|Any CPU
		{9667AD96-BBB6-40BB-8B06-8C35BBB97493}.Release|x64.ActiveCfg = Release|Any CPU
		{9667AD96-BBB6-40BB-8B06-8C35BBB97493}.Release|x64.Build.0 = Release|Any CPU
		{9667AD96-BBB6-40BB-8B06-8C35BBB97493}.Release|x86.ActiveCfg = Release|Any CPU
		{9667AD96-BBB6-40BB-8B06-8C35BBB97493}.Release|x86.Build.0 = Release|Any CPU
		{6D67278E-29D5-4F77-B1DC-E8E4469BF07A}.Debug|Any CPU.ActiveCfg = Debug|Any CPU
		{6D67278E-29D5-4F77-B1DC-E8E4469BF07A}.Debug|Any CPU.Build.0 = Debug|Any CPU
		{6D67278E-29D5-4F77-B1DC-E8E4469BF07A}.Debug|x64.ActiveCfg = Debug|Any CPU
		{6D67278E-29D5-4F77-B1DC-E8E4469BF07A}.Debug|x64.Build.0 = Debug|Any CPU
		{6D67278E-29D5-4F77-B1DC-E8E4469BF07A}.Debug|x86.ActiveCfg = Debug|Any CPU
		{6D67278E-29D5-4F77-B1DC-E8E4469BF07A}.Debug|x86.Build.0 = Debug|Any CPU
		{6D67278E-29D5-4F77-B1DC-E8E4469BF07A}.Release|Any CPU.ActiveCfg = Release|Any CPU
		{6D67278E-29D5-4F77-B1DC-E8E4469BF07A}.Release|Any CPU.Build.0 = Release|Any CPU
		{6D67278E-29D5-4F77-B1DC-E8E4469BF07A}.Release|x64.ActiveCfg = Release|Any CPU
		{6D67278E-29D5-4F77-B1DC-E8E4469BF07A}.Release|x64.Build.0 = Release|Any CPU
		{6D67278E-29D5-4F77-B1DC-E8E4469BF07A}.Release|x86.ActiveCfg = Release|Any CPU
		{6D67278E-29D5-4F77-B1DC-E8E4469BF07A}.Release|x86.Build.0 = Release|Any CPU
	EndGlobalSection
EndGlobal
